
Microsoft Visual Studio Solution File, Format Version 12.00
# Visual Studio Version 17
VisualStudioVersion = 17.0.31612.314
MinimumVisualStudioVersion = 10.0.40219.1
Project("{FAE04EC0-301F-11D3-BF4B-00C04F79EFBC}") = "SushidaOCR", "SushidaOCR\SushidaOCR.csproj", "{0325ED31-828D-4D58-B457-77F1D212E6AD}"
EndProject
Global
	GlobalSection(SolutionConfigurationPlatforms) = preSolution
		Debug|Any CPU = Debug|Any CPU
		Release|Any CPU = Release|Any CPU
	EndGlobalSection
	GlobalSection(ProjectConfigurationPlatforms) = postSolution
		{0325ED31-828D-4D58-B457-77F1D212E6AD}.Debug|Any CPU.ActiveCfg = Debug|Any CPU
		{0325ED31-828D-4D58-B457-77F1D212E6AD}.Debug|Any CPU.Build.0 = Debug|Any CPU
		{0325ED31-828D-4D58-B457-77F1D212E6AD}.Release|Any CPU.ActiveCfg = Release|Any CPU
		{0325ED31-828D-4D58-B457-77F1D212E6AD}.Release|Any CPU.Build.0 = Release|Any CPU
	EndGlobalSection
	GlobalSection(SolutionProperties) = preSolution
		HideSolutionNode = FALSE
	EndGlobalSection
	GlobalSection(ExtensibilityGlobals) = postSolution
		SolutionGuid = {AE5AA15B-0346-43D7-89C7-BE19E0750CCF}
	EndGlobalSection
EndGlobal
